
Microsoft Visual Studio Solution File, Format Version 12.00
# Visual Studio Version 16
VisualStudioVersion = 16.0.28803.202
MinimumVisualStudioVersion = 10.0.40219.1
Project("{FAE04EC0-301F-11D3-BF4B-00C04F79EFBC}") = "TimeImportApp", "TimeImportApp\TimeImportApp.csproj", "{837907A8-CC03-4CED-B9E4-5FBC0AAA1ED8}"
EndProject
Global
	GlobalSection(SolutionConfigurationPlatforms) = preSolution
		Debug|Any CPU = Debug|Any CPU
		Release|Any CPU = Release|Any CPU
	EndGlobalSection
	GlobalSection(ProjectConfigurationPlatforms) = postSolution
		{837907A8-CC03-4CED-B9E4-5FBC0AAA1ED8}.Debug|Any CPU.ActiveCfg = Debug|Any CPU
		{837907A8-CC03-4CED-B9E4-5FBC0AAA1ED8}.Debug|Any CPU.Build.0 = Debug|Any CPU
		{837907A8-CC03-4CED-B9E4-5FBC0AAA1ED8}.Release|Any CPU.ActiveCfg = Release|Any CPU
		{837907A8-CC03-4CED-B9E4-5FBC0AAA1ED8}.Release|Any CPU.Build.0 = Release|Any CPU
	EndGlobalSection
	GlobalSection(SolutionProperties) = preSolution
		HideSolutionNode = FALSE
	EndGlobalSection
	GlobalSection(ExtensibilityGlobals) = postSolution
		SolutionGuid = {98A91FE5-F277-439A-BAF1-80A35D535CCF}
	EndGlobalSection
EndGlobal
